// !$*UTF8*$!
{
	archiveVersion = 1;
	classes = {
	};
	objectVersion = 50;
	objects = {

/* Begin PBXBuildFile section */
		FA020B32215D490C008750B0 /* 0.wav in Resources */ = {isa = PBXBuildFile; fileRef = FA020B31215D490C008750B0 /* 0.wav */; };
		FAAB00202152BC620088FB94 /* AppDelegate.swift in Sources */ = {isa = PBXBuildFile; fileRef = FAAB001F2152BC620088FB94 /* AppDelegate.swift */; };
		FAAB00222152BC620088FB94 /* ViewController.swift in Sources */ = {isa = PBXBuildFile; fileRef = FAAB00212152BC620088FB94 /* ViewController.swift */; };
		FAAB00252152BC620088FB94 /* Main.storyboard in Resources */ = {isa = PBXBuildFile; fileRef = FAAB00232152BC620088FB94 /* Main.storyboard */; };
		FAAB00272152BC630088FB94 /* Assets.xcassets in Resources */ = {isa = PBXBuildFile; fileRef = FAAB00262152BC630088FB94 /* Assets.xcassets */; };
		FAAB002A2152BC630088FB94 /* LaunchScreen.storyboard in Resources */ = {isa = PBXBuildFile; fileRef = FAAB00282152BC630088FB94 /* LaunchScreen.storyboard */; };
		FAD6E32621555DD000C9E95E /* 1.wav in Resources */ = {isa = PBXBuildFile; fileRef = FAD6E32521555DD000C9E95E /* 1.wav */; };
		FAD6E32821555DD800C9E95E /* 2.wav in Resources */ = {isa = PBXBuildFile; fileRef = FAD6E32721555DD800C9E95E /* 2.wav */; };
		FAD6E32A21555DDD00C9E95E /* 3.wav in Resources */ = {isa = PBXBuildFile; fileRef = FAD6E32921555DDD00C9E95E /* 3.wav */; };
		FAD6E32C21555DE600C9E95E /* start.wav in Resources */ = {isa = PBXBuildFile; fileRef = FAD6E32B21555DE600C9E95E /* start.wav */; };
		FAD6E32E21555DED00C9E95E /* lose.wav in Resources */ = {isa = PBXBuildFile; fileRef = FAD6E32D21555DED00C9E95E /* lose.wav */; };
		FAD6E33021555DF600C9E95E /* hiscore.wav in Resources */ = {isa = PBXBuildFile; fileRef = FAD6E32F21555DF600C9E95E /* hiscore.wav */; };
/* End PBXBuildFile section */

/* Begin PBXFileReference section */
		FA020B31215D490C008750B0 /* 0.wav */ = {isa = PBXFileReference; lastKnownFileType = audio.wav; path = 0.wav; sourceTree = "<group>"; };
		FAAB001C2152BC620088FB94 /* simonSays.app */ = {isa = PBXFileReference; explicitFileType = wrapper.application; includeInIndex = 0; path = simonSays.app; sourceTree = BUILT_PRODUCTS_DIR; };
		FAAB001F2152BC620088FB94 /* AppDelegate.swift */ = {isa = PBXFileReference; lastKnownFileType = sourcecode.swift; path = AppDelegate.swift; sourceTree = "<group>"; };
		FAAB00212152BC620088FB94 /* ViewController.swift */ = {isa = PBXFileReference; lastKnownFileType = sourcecode.swift; path = ViewController.swift; sourceTree = "<group>"; };
		FAAB00242152BC620088FB94 /* Base */ = {isa = PBXFileReference; lastKnownFileType = file.storyboard; name = Base; path = Base.lproj/Main.storyboard; sourceTree = "<group>"; };
		FAAB00262152BC630088FB94 /* Assets.xcassets */ = {isa = PBXFileReference; lastKnownFileType = folder.assetcatalog; path = Assets.xcassets; sourceTree = "<group>"; };
		FAAB00292152BC630088FB94 /* Base */ = {isa = PBXFileReference; lastKnownFileType = file.storyboard; name = Base; path = Base.lproj/LaunchScreen.storyboard; sourceTree = "<group>"; };
		FAAB002B2152BC640088FB94 /* Info.plist */ = {isa = PBXFileReference; lastKnownFileType = text.plist.xml; path = Info.plist; sourceTree = "<group>"; };
		FAD6E32521555DD000C9E95E /* 1.wav */ = {isa = PBXFileReference; lastKnownFileType = audio.wav; path = 1.wav; sourceTree = "<group>"; };
		FAD6E32721555DD800C9E95E /* 2.wav */ = {isa = PBXFileReference; lastKnownFileType = audio.wav; path = 2.wav; sourceTree = "<group>"; };
		FAD6E32921555DDD00C9E95E /* 3.wav */ = {isa = PBXFileReference; lastKnownFileType = audio.wav; path = 3.wav; sourceTree = "<group>"; };
		FAD6E32B21555DE600C9E95E /* start.wav */ = {isa = PBXFileReference; lastKnownFileType = audio.wav; path = start.wav; sourceTree = "<group>"; };
		FAD6E32D21555DED00C9E95E /* lose.wav */ = {isa = PBXFileReference; lastKnownFileType = audio.wav; path = lose.wav; sourceTree = "<group>"; };
		FAD6E32F21555DF600C9E95E /* hiscore.wav */ = {isa = PBXFileReference; lastKnownFileType = audio.wav; path = hiscore.wav; sourceTree = "<group>"; };
/* End PBXFileReference section */

/* Begin PBXFrameworksBuildPhase section */
		FAAB00192152BC620088FB94 /* Frameworks */ = {
			isa = PBXFrameworksBuildPhase;
			buildActionMask = 2147483647;
			files = (
			);
			runOnlyForDeploymentPostprocessing = 0;
		};
/* End PBXFrameworksBuildPhase section */

/* Begin PBXGroup section */
		FAAB00132152BC620088FB94 = {
			isa = PBXGroup;
			children = (
				FAAB001E2152BC620088FB94 /* simonSays */,
				FAAB001D2152BC620088FB94 /* Products */,
			);
			sourceTree = "<group>";
		};
		FAAB001D2152BC620088FB94 /* Products */ = {
			isa = PBXGroup;
			children = (
				FAAB001C2152BC620088FB94 /* simonSays.app */,
			);
			name = Products;
			sourceTree = "<group>";
		};
		FAAB001E2152BC620088FB94 /* simonSays */ = {
			isa = PBXGroup;
			children = (
				FAAB001F2152BC620088FB94 /* AppDelegate.swift */,
				FAAB00212152BC620088FB94 /* ViewController.swift */,
				FAAB00232152BC620088FB94 /* Main.storyboard */,
				FAAB00262152BC630088FB94 /* Assets.xcassets */,
				FAAB00282152BC630088FB94 /* LaunchScreen.storyboard */,
				FA020B31215D490C008750B0 /* 0.wav */,
				FAD6E32521555DD000C9E95E /* 1.wav */,
				FAD6E32721555DD800C9E95E /* 2.wav */,
				FAD6E32921555DDD00C9E95E /* 3.wav */,
				FAD6E32B21555DE600C9E95E /* start.wav */,
				FAD6E32D21555DED00C9E95E /* lose.wav */,
				FAD6E32F21555DF600C9E95E /* hiscore.wav */,
				FAAB002B2152BC640088FB94 /* Info.plist */,
			);
			path = simonSays;
			sourceTree = "<group>";
		};
/* End PBXGroup section */

/* Begin PBXNativeTarget section */
		FAAB001B2152BC620088FB94 /* simonSays */ = {
			isa = PBXNativeTarget;
			buildConfigurationList = FAAB002E2152BC640088FB94 /* Build configuration list for PBXNativeTarget "simonSays" */;
			buildPhases = (
				FAAB00182152BC620088FB94 /* Sources */,
				FAAB00192152BC620088FB94 /* Frameworks */,
				FAAB001A2152BC620088FB94 /* Resources */,
			);
			buildRules = (
			);
			dependencies = (
			);
			name = simonSays;
			productName = simonSays;
			productReference = FAAB001C2152BC620088FB94 /* simonSays.app */;
			productType = "com.apple.product-type.application";
		};
/* End PBXNativeTarget section */

/* Begin PBXProject section */
		FAAB00142152BC620088FB94 /* Project object */ = {
			isa = PBXProject;
			attributes = {
				LastSwiftUpdateCheck = 0940;
				LastUpgradeCheck = 0940;
				ORGANIZATIONNAME = "ALEJANDRO MORENO";
				TargetAttributes = {
					FAAB001B2152BC620088FB94 = {
						CreatedOnToolsVersion = 9.4.1;
					};
				};
			};
			buildConfigurationList = FAAB00172152BC620088FB94 /* Build configuration list for PBXProject "simonSays" */;
			compatibilityVersion = "Xcode 9.3";
			developmentRegion = en;
			hasScannedForEncodings = 0;
			knownRegions = (
				en,
				Base,
			);
			mainGroup = FAAB00132152BC620088FB94;
			productRefGroup = FAAB001D2152BC620088FB94 /* Products */;
			projectDirPath = "";
			projectRoot = "";
			targets = (
				FAAB001B2152BC620088FB94 /* simonSays */,
			);
		};
/* End PBXProject section */

/* Begin PBXResourcesBuildPhase section */
		FAAB001A2152BC620088FB94 /* Resources */ = {
			isa = PBXResourcesBuildPhase;
			buildActionMask = 2147483647;
			files = (
				FAD6E32A21555DDD00C9E95E /* 3.wav in Resources */,
				FAAB002A2152BC630088FB94 /* LaunchScreen.storyboard in Resources */,
				FAAB00272152BC630088FB94 /* Assets.xcassets in Resources */,
				FAD6E33021555DF600C9E95E /* hiscore.wav in Resources */,
				FAD6E32621555DD000C9E95E /* 1.wav in Resources */,
				FAD6E32C21555DE600C9E95E /* start.wav in Resources */,
				FAD6E32821555DD800C9E95E /* 2.wav in Resources */,
				FA020B32215D490C008750B0 /* 0.wav in Resources */,
				FAAB00252152BC620088FB94 /* Main.storyboard in Resources */,
				FAD6E32E21555DED00C9E95E /* lose.wav in Resources */,
			);
			runOnlyForDeploymentPostprocessing = 0;
		};
/* End PBXResourcesBuildPhase section */

/* Begin PBXSourcesBuildPhase section */
		FAAB00182152BC620088FB94 /* Sources */ = {
			isa = PBXSourcesBuildPhase;
			buildActionMask = 2147483647;
			files = (
				FAAB00222152BC620088FB94 /* ViewController.swift in Sources */,
				FAAB00202152BC620088FB94 /* AppDelegate.swift in Sources */,
			);
			runOnlyForDeploymentPostprocessing = 0;
		};
/* End PBXSourcesBuildPhase section */

/* Begin PBXVariantGroup section */
		FAAB00232152BC620088FB94 /* Main.storyboard */ = {
			isa = PBXVariantGroup;
			children = (
				FAAB00242152BC620088FB94 /* Base */,
			);
			name = Main.storyboard;
			sourceTree = "<group>";
		};
		FAAB00282152BC630088FB94 /* LaunchScreen.storyboard */ = {
			isa = PBXVariantGroup;
			children = (
				FAAB00292152BC630088FB94 /* Base */,
			);
			name = LaunchScreen.storyboard;
			sourceTree = "<group>";
		};
/* End PBXVariantGroup section */

/* Begin XCBuildConfiguration section */
		FAAB002C2152BC640088FB94 /* Debug */ = {
			isa = XCBuildConfiguration;
			buildSettings = {
				ALWAYS_SEARCH_USER_PATHS = NO;
				CLANG_ANALYZER_NONNULL = YES;
				CLANG_ANALYZER_NUMBER_OBJECT_CONVERSION = YES_AGGRESSIVE;
				CLANG_CXX_LANGUAGE_STANDARD = "gnu++14";
				CLANG_CXX_LIBRARY = "libc++";
				CLANG_ENABLE_MODULES = YES;
				CLANG_ENABLE_OBJC_ARC = YES;
				CLANG_ENABLE_OBJC_WEAK = YES;
				CLANG_WARN_BLOCK_CAPTURE_AUTORELEASING = YES;
				CLANG_WARN_BOOL_CONVERSION = YES;
				CLANG_WARN_COMMA = YES;
				CLANG_WARN_CONSTANT_CONVERSION = YES;
				CLANG_WARN_DEPRECATED_OBJC_IMPLEMENTATIONS = YES;
				CLANG_WARN_DIRECT_OBJC_ISA_USAGE = YES_ERROR;
				CLANG_WARN_DOCUMENTATION_COMMENTS = YES;
				CLANG_WARN_EMPTY_BODY = YES;
				CLANG_WARN_ENUM_CONVERSION = YES;
				CLANG_WARN_INFINITE_RECURSION = YES;
				CLANG_WARN_INT_CONVERSION = YES;
				CLANG_WARN_NON_LITERAL_NULL_CONVERSION = YES;
				CLANG_WARN_OBJC_IMPLICIT_RETAIN_SELF = YES;
				CLANG_WARN_OBJC_LITERAL_CONVERSION = YES;
				CLANG_WARN_OBJC_ROOT_CLASS = YES_ERROR;
				CLANG_WARN_RANGE_LOOP_ANALYSIS = YES;
				CLANG_WARN_STRICT_PROTOTYPES = YES;
				CLANG_WARN_SUSPICIOUS_MOVE = YES;
				CLANG_WARN_UNGUARDED_AVAILABILITY = YES_AGGRESSIVE;
				CLANG_WARN_UNREACHABLE_CODE = YES;
				CLANG_WARN__DUPLICATE_METHOD_MATCH = YES;
				CODE_SIGN_IDENTITY = "iPhone Developer";
				COPY_PHASE_STRIP = NO;
				DEBUG_INFORMATION_FORMAT = dwarf;
				ENABLE_STRICT_OBJC_MSGSEND = YES;
				ENABLE_TESTABILITY = YES;
				GCC_C_LANGUAGE_STANDARD = gnu11;
				GCC_DYNAMIC_NO_PIC = NO;
				GCC_NO_COMMON_BLOCKS = YES;
				GCC_OPTIMIZATION_LEVEL = 0;
				GCC_PREPROCESSOR_DEFINITIONS = (
					"DEBUG=1",
					"$(inherited)",
				);
				GCC_WARN_64_TO_32_BIT_CONVERSION = YES;
				GCC_WARN_ABOUT_RETURN_TYPE = YES_ERROR;
				GCC_WARN_UNDECLARED_SELECTOR = YES;
				GCC_WARN_UNINITIALIZED_AUTOS = YES_AGGRESSIVE;
				GCC_WARN_UNUSED_FUNCTION = YES;
				GCC_WARN_UNUSED_VARIABLE = YES;
				IPHONEOS_DEPLOYMENT_TARGET = 11.4;
				MTL_ENABLE_DEBUG_INFO = YES;
				ONLY_ACTIVE_ARCH = YES;
				SDKROOT = iphoneos;
				SWIFT_ACTIVE_COMPILATION_CONDITIONS = DEBUG;
				SWIFT_OPTIMIZATION_LEVEL = "-Onone";
			};
			name = Debug;
		};
		FAAB002D2152BC640088FB94 /* Release */ = {
			isa = XCBuildConfiguration;
			buildSettings = {
				ALWAYS_SEARCH_USER_PATHS = NO;
				CLANG_ANALYZER_NONNULL = YES;
				CLANG_ANALYZER_NUMBER_OBJECT_CONVERSION = YES_AGGRESSIVE;
				CLANG_CXX_LANGUAGE_STANDARD = "gnu++14";
				CLANG_CXX_LIBRARY = "libc++";
				CLANG_ENABLE_MODULES = YES;
				CLANG_ENABLE_OBJC_ARC = YES;
				CLANG_ENABLE_OBJC_WEAK = YES;
				CLANG_WARN_BLOCK_CAPTURE_AUTORELEASING = YES;
				CLANG_WARN_BOOL_CONVERSION = YES;
				CLANG_WARN_COMMA = YES;
				CLANG_WARN_CONSTANT_CONVERSION = YES;
				CLANG_WARN_DEPRECATED_OBJC_IMPLEMENTATIONS = YES;
				CLANG_WARN_DIRECT_OBJC_ISA_USAGE = YES_ERROR;
				CLANG_WARN_DOCUMENTATION_COMMENTS = YES;
				CLANG_WARN_EMPTY_BODY = YES;
				CLANG_WARN_ENUM_CONVERSION = YES;
				CLANG_WARN_INFINITE_RECURSION = YES;
				CLANG_WARN_INT_CONVERSION = YES;
				CLANG_WARN_NON_LITERAL_NULL_CONVERSION = YES;
				CLANG_WARN_OBJC_IMPLICIT_RETAIN_SELF = YES;
				CLANG_WARN_OBJC_LITERAL_CONVERSION = YES;
				CLANG_WARN_OBJC_ROOT_CLASS = YES_ERROR;
				CLANG_WARN_RANGE_LOOP_ANALYSIS = YES;
				CLANG_WARN_STRICT_PROTOTYPES = YES;
				CLANG_WARN_SUSPICIOUS_MOVE = YES;
				CLANG_WARN_UNGUARDED_AVAILABILITY = YES_AGGRESSIVE;
				CLANG_WARN_UNREACHABLE_CODE = YES;
				CLANG_WARN__DUPLICATE_METHOD_MATCH = YES;
				CODE_SIGN_IDENTITY = "iPhone Developer";
				COPY_PHASE_STRIP = NO;
				DEBUG_INFORMATION_FORMAT = "dwarf-with-dsym";
				ENABLE_NS_ASSERTIONS = NO;
				ENABLE_STRICT_OBJC_MSGSEND = YES;
				GCC_C_LANGUAGE_STANDARD = gnu11;
				GCC_NO_COMMON_BLOCKS = YES;
				GCC_WARN_64_TO_32_BIT_CONVERSION = YES;
				GCC_WARN_ABOUT_RETURN_TYPE = YES_ERROR;
				GCC_WARN_UNDECLARED_SELECTOR = YES;
				GCC_WARN_UNINITIALIZED_AUTOS = YES_AGGRESSIVE;
				GCC_WARN_UNUSED_FUNCTION = YES;
				GCC_WARN_UNUSED_VARIABLE = YES;
				IPHONEOS_DEPLOYMENT_TARGET = 11.4;
				MTL_ENABLE_DEBUG_INFO = NO;
				SDKROOT = iphoneos;
				SWIFT_COMPILATION_MODE = wholemodule;
				SWIFT_OPTIMIZATION_LEVEL = "-O";
				VALIDATE_PRODUCT = YES;
			};
			name = Release;
		};
		FAAB002F2152BC640088FB94 /* Debug */ = {
			isa = XCBuildConfiguration;
			buildSettings = {
				ASSETCATALOG_COMPILER_APPICON_NAME = AppIcon;
				CODE_SIGN_STYLE = Automatic;
				INFOPLIST_FILE = simonSays/Info.plist;
				LD_RUNPATH_SEARCH_PATHS = (
					"$(inherited)",
					"@executable_path/Frameworks",
				);
				PRODUCT_BUNDLE_IDENTIFIER = "org-116.rlas.Foobar.simonSays";
				PRODUCT_NAME = "$(TARGET_NAME)";
				SWIFT_VERSION = 4.0;
				TARGETED_DEVICE_FAMILY = "1,2";
			};
			name = Debug;
		};
		FAAB00302152BC640088FB94 /* Release */ = {
			isa = XCBuildConfiguration;
			buildSettings = {
				ASSETCATALOG_COMPILER_APPICON_NAME = AppIcon;
				CODE_SIGN_STYLE = Automatic;
				INFOPLIST_FILE = simonSays/Info.plist;
				LD_RUNPATH_SEARCH_PATHS = (
					"$(inherited)",
					"@executable_path/Frameworks",
				);
				PRODUCT_BUNDLE_IDENTIFIER = "org-116.rlas.Foobar.simonSays";
				PRODUCT_NAME = "$(TARGET_NAME)";
				SWIFT_VERSION = 4.0;
				TARGETED_DEVICE_FAMILY = "1,2";
			};
			name = Release;
		};
/* End XCBuildConfiguration section */

/* Begin XCConfigurationList section */
		FAAB00172152BC620088FB94 /* Build configuration list for PBXProject "simonSays" */ = {
			isa = XCConfigurationList;
			buildConfigurations = (
				FAAB002C2152BC640088FB94 /* Debug */,
				FAAB002D2152BC640088FB94 /* Release */,
			);
			defaultConfigurationIsVisible = 0;
			defaultConfigurationName = Release;
		};
		FAAB002E2152BC640088FB94 /* Build configuration list for PBXNativeTarget "simonSays" */ = {
			isa = XCConfigurationList;
			buildConfigurations = (
				FAAB002F2152BC640088FB94 /* Debug */,
				FAAB00302152BC640088FB94 /* Release */,
			);
			defaultConfigurationIsVisible = 0;
			defaultConfigurationName = Release;
		};
/* End XCConfigurationList section */
	};
	rootObject = FAAB00142152BC620088FB94 /* Project object */;
}
